
Microsoft Visual Studio Solution File, Format Version 12.00
# Visual Studio 15
VisualStudioVersion = 15.0.27703.2035
MinimumVisualStudioVersion = 10.0.40219.1
Project("{FAE04EC0-301F-11D3-BF4B-00C04F79EFBC}") = "Project", "ConsoleApp2\Project.csproj", "{B7B6B3CE-8226-45D5-9129-D09C51688F04}"
EndProject
Global
	GlobalSection(SolutionConfigurationPlatforms) = preSolution
		Debug|Any CPU = Debug|Any CPU
		Release|Any CPU = Release|Any CPU
	EndGlobalSection
	GlobalSection(ProjectConfigurationPlatforms) = postSolution
		{B7B6B3CE-8226-45D5-9129-D09C51688F04}.Debug|Any CPU.ActiveCfg = Debug|Any CPU
		{B7B6B3CE-8226-45D5-9129-D09C51688F04}.Debug|Any CPU.Build.0 = Debug|Any CPU
		{B7B6B3CE-8226-45D5-9129-D09C51688F04}.Release|Any CPU.ActiveCfg = Release|Any CPU
		{B7B6B3CE-8226-45D5-9129-D09C51688F04}.Release|Any CPU.Build.0 = Release|Any CPU
	EndGlobalSection
	GlobalSection(SolutionProperties) = preSolution
		HideSolutionNode = FALSE
	EndGlobalSection
	GlobalSection(ExtensibilityGlobals) = postSolution
		SolutionGuid = {EFC9CFC3-2542-4409-A03B-E4AB4C7B23A5}
	EndGlobalSection
EndGlobal
